// !$*UTF8*$!
{
	archiveVersion = 1;
	classes = {
	};
	objectVersion = 56;
	objects = {

/* Begin PBXBuildFile section */
		A10001000000000000000001 /* TC001SetupApp.swift in Sources */ = {isa = PBXBuildFile; fileRef = A10002000000000000000001 /* TC001SetupApp.swift */; };
		A10001000000000000000002 /* ContentView.swift in Sources */ = {isa = PBXBuildFile; fileRef = A10002000000000000000002 /* ContentView.swift */; };
		A10001000000000000000003 /* WelcomeView.swift in Sources */ = {isa = PBXBuildFile; fileRef = A10002000000000000000003 /* WelcomeView.swift */; };
		A10001000000000000000004 /* ConnectView.swift in Sources */ = {isa = PBXBuildFile; fileRef = A10002000000000000000004 /* ConnectView.swift */; };
		A10001000000000000000005 /* BackupView.swift in Sources */ = {isa = PBXBuildFile; fileRef = A10002000000000000000005 /* BackupView.swift */; };
		A10001000000000000000006 /* WiFiView.swift in Sources */ = {isa = PBXBuildFile; fileRef = A10002000000000000000006 /* WiFiView.swift */; };
		A10001000000000000000007 /* DataSourceView.swift in Sources */ = {isa = PBXBuildFile; fileRef = A10002000000000000000007 /* DataSourceView.swift */; };
		A10001000000000000000008 /* PreferencesView.swift in Sources */ = {isa = PBXBuildFile; fileRef = A10002000000000000000008 /* PreferencesView.swift */; };
		A10001000000000000000009 /* FlashView.swift in Sources */ = {isa = PBXBuildFile; fileRef = A10002000000000000000009 /* FlashView.swift */; };
		A1000100000000000000000A /* DoneView.swift in Sources */ = {isa = PBXBuildFile; fileRef = A1000200000000000000000A /* DoneView.swift */; };
		A1000100000000000000000B /* SetupState.swift in Sources */ = {isa = PBXBuildFile; fileRef = A1000200000000000000000B /* SetupState.swift */; };
		A1000100000000000000000C /* USBDetector.swift in Sources */ = {isa = PBXBuildFile; fileRef = A1000200000000000000000C /* USBDetector.swift */; };
		A1000100000000000000000D /* ProcessRunner.swift in Sources */ = {isa = PBXBuildFile; fileRef = A1000200000000000000000D /* ProcessRunner.swift */; };
		A1000100000000000000000E /* WiFiHelper.swift in Sources */ = {isa = PBXBuildFile; fileRef = A1000200000000000000000E /* WiFiHelper.swift */; };
		A1000100000000000000000F /* Assets.xcassets in Resources */ = {isa = PBXBuildFile; fileRef = A1000200000000000000000F /* Assets.xcassets */; };
		A10001000000000000000010 /* CoreWLAN.framework in Frameworks */ = {isa = PBXBuildFile; fileRef = A10002000000000000000010 /* CoreWLAN.framework */; };
		A10001000000000000000011 /* IOKit.framework in Frameworks */ = {isa = PBXBuildFile; fileRef = A10002000000000000000011 /* IOKit.framework */; };
/* End PBXBuildFile section */

/* Begin PBXFileReference section */
		A10002000000000000000001 /* TC001SetupApp.swift */ = {isa = PBXFileReference; lastKnownFileType = sourcecode.swift; path = TC001SetupApp.swift; sourceTree = "<group>"; };
		A10002000000000000000002 /* ContentView.swift */ = {isa = PBXFileReference; lastKnownFileType = sourcecode.swift; path = ContentView.swift; sourceTree = "<group>"; };
		A10002000000000000000003 /* WelcomeView.swift */ = {isa = PBXFileReference; lastKnownFileType = sourcecode.swift; path = WelcomeView.swift; sourceTree = "<group>"; };
		A10002000000000000000004 /* ConnectView.swift */ = {isa = PBXFileReference; lastKnownFileType = sourcecode.swift; path = ConnectView.swift; sourceTree = "<group>"; };
		A10002000000000000000005 /* BackupView.swift */ = {isa = PBXFileReference; lastKnownFileType = sourcecode.swift; path = BackupView.swift; sourceTree = "<group>"; };
		A10002000000000000000006 /* WiFiView.swift */ = {isa = PBXFileReference; lastKnownFileType = sourcecode.swift; path = WiFiView.swift; sourceTree = "<group>"; };
		A10002000000000000000007 /* DataSourceView.swift */ = {isa = PBXFileReference; lastKnownFileType = sourcecode.swift; path = DataSourceView.swift; sourceTree = "<group>"; };
		A10002000000000000000008 /* PreferencesView.swift */ = {isa = PBXFileReference; lastKnownFileType = sourcecode.swift; path = PreferencesView.swift; sourceTree = "<group>"; };
		A10002000000000000000009 /* FlashView.swift */ = {isa = PBXFileReference; lastKnownFileType = sourcecode.swift; path = FlashView.swift; sourceTree = "<group>"; };
		A1000200000000000000000A /* DoneView.swift */ = {isa = PBXFileReference; lastKnownFileType = sourcecode.swift; path = DoneView.swift; sourceTree = "<group>"; };
		A1000200000000000000000B /* SetupState.swift */ = {isa = PBXFileReference; lastKnownFileType = sourcecode.swift; path = SetupState.swift; sourceTree = "<group>"; };
		A1000200000000000000000C /* USBDetector.swift */ = {isa = PBXFileReference; lastKnownFileType = sourcecode.swift; path = USBDetector.swift; sourceTree = "<group>"; };
		A1000200000000000000000D /* ProcessRunner.swift */ = {isa = PBXFileReference; lastKnownFileType = sourcecode.swift; path = ProcessRunner.swift; sourceTree = "<group>"; };
		A1000200000000000000000E /* WiFiHelper.swift */ = {isa = PBXFileReference; lastKnownFileType = sourcecode.swift; path = WiFiHelper.swift; sourceTree = "<group>"; };
		A1000200000000000000000F /* Assets.xcassets */ = {isa = PBXFileReference; lastKnownFileType = folder.assetcatalog; path = Assets.xcassets; sourceTree = "<group>"; };
		A10002000000000000000010 /* CoreWLAN.framework */ = {isa = PBXFileReference; lastKnownFileType = wrapper.framework; name = CoreWLAN.framework; path = System/Library/Frameworks/CoreWLAN.framework; sourceTree = SDKROOT; };
		A10002000000000000000011 /* IOKit.framework */ = {isa = PBXFileReference; lastKnownFileType = wrapper.framework; name = IOKit.framework; path = System/Library/Frameworks/IOKit.framework; sourceTree = SDKROOT; };
		A10003000000000000000001 /* TC001Setup.app */ = {isa = PBXFileReference; explicitFileType = wrapper.application; includeInIndex = 0; path = TC001Setup.app; sourceTree = BUILT_PRODUCTS_DIR; };
/* End PBXFileReference section */

/* Begin PBXFrameworksBuildPhase section */
		A10004000000000000000001 /* Frameworks */ = {
			isa = PBXFrameworksBuildPhase;
			buildActionMask = 2147483647;
			files = (
				A10001000000000000000010 /* CoreWLAN.framework in Frameworks */,
				A10001000000000000000011 /* IOKit.framework in Frameworks */,
			);
			runOnlyForDeploymentPostprocessing = 0;
		};
/* End PBXFrameworksBuildPhase section */

/* Begin PBXGroup section */
		A10005000000000000000001 /* Root */ = {
			isa = PBXGroup;
			children = (
				A10005000000000000000002 /* TC001Setup */,
				A10005000000000000000006 /* Frameworks */,
				A10005000000000000000007 /* Products */,
			);
			sourceTree = "<group>";
		};
		A10005000000000000000002 /* TC001Setup */ = {
			isa = PBXGroup;
			children = (
				A10002000000000000000001 /* TC001SetupApp.swift */,
				A10002000000000000000002 /* ContentView.swift */,
				A10005000000000000000003 /* Views */,
				A10005000000000000000004 /* Models */,
				A10005000000000000000005 /* Helpers */,
				A1000200000000000000000F /* Assets.xcassets */,
			);
			path = TC001Setup;
			sourceTree = "<group>";
		};
		A10005000000000000000003 /* Views */ = {
			isa = PBXGroup;
			children = (
				A10002000000000000000003 /* WelcomeView.swift */,
				A10002000000000000000004 /* ConnectView.swift */,
				A10002000000000000000005 /* BackupView.swift */,
				A10002000000000000000006 /* WiFiView.swift */,
				A10002000000000000000007 /* DataSourceView.swift */,
				A10002000000000000000008 /* PreferencesView.swift */,
				A10002000000000000000009 /* FlashView.swift */,
				A1000200000000000000000A /* DoneView.swift */,
			);
			path = Views;
			sourceTree = "<group>";
		};
		A10005000000000000000004 /* Models */ = {
			isa = PBXGroup;
			children = (
				A1000200000000000000000B /* SetupState.swift */,
			);
			path = Models;
			sourceTree = "<group>";
		};
		A10005000000000000000005 /* Helpers */ = {
			isa = PBXGroup;
			children = (
				A1000200000000000000000C /* USBDetector.swift */,
				A1000200000000000000000D /* ProcessRunner.swift */,
				A1000200000000000000000E /* WiFiHelper.swift */,
			);
			path = Helpers;
			sourceTree = "<group>";
		};
		A10005000000000000000006 /* Frameworks */ = {
			isa = PBXGroup;
			children = (
				A10002000000000000000010 /* CoreWLAN.framework */,
				A10002000000000000000011 /* IOKit.framework */,
			);
			name = Frameworks;
			sourceTree = "<group>";
		};
		A10005000000000000000007 /* Products */ = {
			isa = PBXGroup;
			children = (
				A10003000000000000000001 /* TC001Setup.app */,
			);
			name = Products;
			sourceTree = "<group>";
		};
/* End PBXGroup section */

/* Begin PBXNativeTarget section */
		A10006000000000000000001 /* TC001Setup */ = {
			isa = PBXNativeTarget;
			buildConfigurationList = A10008000000000000000003 /* Build configuration list for PBXNativeTarget "TC001Setup" */;
			buildPhases = (
				A10007000000000000000001 /* Sources */,
				A10004000000000000000001 /* Frameworks */,
				A10007000000000000000002 /* Resources */,
			);
			buildRules = (
			);
			dependencies = (
			);
			name = TC001Setup;
			productName = TC001Setup;
			productReference = A10003000000000000000001 /* TC001Setup.app */;
			productType = "com.apple.product-type.application";
		};
/* End PBXNativeTarget section */

/* Begin PBXProject section */
		A10009000000000000000001 /* Project object */ = {
			isa = PBXProject;
			attributes = {
				BuildIndependentTargetsInParallel = 1;
				LastSwiftUpdateCheck = 1500;
				LastUpgradeCheck = 1500;
				TargetAttributes = {
					A10006000000000000000001 = {
						CreatedOnToolsVersion = 15.0;
					};
				};
			};
			buildConfigurationList = A10008000000000000000001 /* Build configuration list for PBXProject "TC001Setup" */;
			compatibilityVersion = "Xcode 14.0";
			developmentRegion = en;
			hasScannedForEncodings = 0;
			knownRegions = (
				en,
				Base,
			);
			mainGroup = A10005000000000000000001 /* Root */;
			productRefGroup = A10005000000000000000007 /* Products */;
			projectDirPath = "";
			projectRoot = "";
			targets = (
				A10006000000000000000001 /* TC001Setup */,
			);
		};
/* End PBXProject section */

/* Begin PBXResourcesBuildPhase section */
		A10007000000000000000002 /* Resources */ = {
			isa = PBXResourcesBuildPhase;
			buildActionMask = 2147483647;
			files = (
				A1000100000000000000000F /* Assets.xcassets in Resources */,
			);
			runOnlyForDeploymentPostprocessing = 0;
		};
/* End PBXResourcesBuildPhase section */

/* Begin PBXSourcesBuildPhase section */
		A10007000000000000000001 /* Sources */ = {
			isa = PBXSourcesBuildPhase;
			buildActionMask = 2147483647;
			files = (
				A10001000000000000000001 /* TC001SetupApp.swift in Sources */,
				A10001000000000000000002 /* ContentView.swift in Sources */,
				A10001000000000000000003 /* WelcomeView.swift in Sources */,
				A10001000000000000000004 /* ConnectView.swift in Sources */,
				A10001000000000000000005 /* BackupView.swift in Sources */,
				A10001000000000000000006 /* WiFiView.swift in Sources */,
				A10001000000000000000007 /* DataSourceView.swift in Sources */,
				A10001000000000000000008 /* PreferencesView.swift in Sources */,
				A10001000000000000000009 /* FlashView.swift in Sources */,
				A1000100000000000000000A /* DoneView.swift in Sources */,
				A1000100000000000000000B /* SetupState.swift in Sources */,
				A1000100000000000000000C /* USBDetector.swift in Sources */,
				A1000100000000000000000D /* ProcessRunner.swift in Sources */,
				A1000100000000000000000E /* WiFiHelper.swift in Sources */,
			);
			runOnlyForDeploymentPostprocessing = 0;
		};
/* End PBXSourcesBuildPhase section */

/* Begin XCBuildConfiguration section */
		A1000A000000000000000001 /* Debug */ = {
			isa = XCBuildConfiguration;
			buildSettings = {
				ALWAYS_SEARCH_USER_PATHS = NO;
				ASSETCATALOG_COMPILER_GENERATE_SWIFT_ASSET_SYMBOL_EXTENSIONS = YES;
				CLANG_ANALYZER_NONNULL = YES;
				CLANG_ANALYZER_NUMBER_OBJECT_CONVERSION = YES_AGGRESSIVE;
				CLANG_CXX_LANGUAGE_STANDARD = "gnu++20";
				CLANG_ENABLE_MODULES = YES;
				CLANG_ENABLE_OBJC_ARC = YES;
				CLANG_ENABLE_OBJC_WEAK = YES;
				CLANG_WARN_BLOCK_CAPTURE_AUTORELEASING = YES;
				CLANG_WARN_BOOL_CONVERSION = YES;
				CLANG_WARN_COMMA = YES;
				CLANG_WARN_CONSTANT_CONVERSION = YES;
				CLANG_WARN_DEPRECATED_OBJC_IMPLEMENTATIONS = YES;
				CLANG_WARN_DIRECT_OBJC_ISA_USAGE = YES_ERROR;
				CLANG_WARN_DOCUMENTATION_COMMENTS = YES;
				CLANG_WARN_EMPTY_BODY = YES;
				CLANG_WARN_ENUM_CONVERSION = YES;
				CLANG_WARN_INFINITE_RECURSION = YES;
				CLANG_WARN_INT_CONVERSION = YES;
				CLANG_WARN_NON_LITERAL_NULL_CONVERSION = YES;
				CLANG_WARN_OBJC_IMPLICIT_RETAIN_SELF = YES;
				CLANG_WARN_OBJC_LITERAL_CONVERSION = YES;
				CLANG_WARN_OBJC_ROOT_CLASS = YES_ERROR;
				CLANG_WARN_QUOTED_INCLUDE_IN_FRAMEWORK_HEADER = YES;
				CLANG_WARN_RANGE_LOOP_ANALYSIS = YES;
				CLANG_WARN_STRICT_PROTOTYPES = YES;
				CLANG_WARN_SUSPICIOUS_MOVE = YES;
				CLANG_WARN_UNGUARDED_AVAILABILITY = YES_AGGRESSIVE;
				CLANG_WARN_UNREACHABLE_CODE = YES;
				CLANG_WARN__DUPLICATE_METHOD_MATCH = YES;
				COPY_PHASE_STRIP = NO;
				DEBUG_INFORMATION_FORMAT = dwarf;
				ENABLE_STRICT_OBJC_MSGSEND = YES;
				ENABLE_TESTABILITY = YES;
				ENABLE_USER_SCRIPT_SANDBOXING = YES;
				GCC_C_LANGUAGE_STANDARD = gnu17;
				GCC_DYNAMIC_NO_PIC = NO;
				GCC_NO_COMMON_BLOCKS = YES;
				GCC_OPTIMIZATION_LEVEL = 0;
				GCC_PREPROCESSOR_DEFINITIONS = (
					"DEBUG=1",
					"$(inherited)",
				);
				GCC_WARN_64_TO_32_BIT_CONVERSION = YES;
				GCC_WARN_ABOUT_RETURN_TYPE = YES_ERROR;
				GCC_WARN_UNDECLARED_SELECTOR = YES;
				GCC_WARN_UNINITIALIZED_AUTOS = YES_AGGRESSIVE;
				GCC_WARN_UNUSED_FUNCTION = YES;
				GCC_WARN_UNUSED_VARIABLE = YES;
				MACOSX_DEPLOYMENT_TARGET = 13.0;
				MTL_ENABLE_DEBUG_INFO = INCLUDE_SOURCE;
				MTL_FAST_MATH = YES;
				ONLY_ACTIVE_ARCH = YES;
				SDKROOT = macosx;
				SWIFT_ACTIVE_COMPILATION_CONDITIONS = "DEBUG $(inherited)";
				SWIFT_OPTIMIZATION_LEVEL = "-Onone";
			};
			name = Debug;
		};
		A1000A000000000000000002 /* Release */ = {
			isa = XCBuildConfiguration;
			buildSettings = {
				ALWAYS_SEARCH_USER_PATHS = NO;
				ASSETCATALOG_COMPILER_GENERATE_SWIFT_ASSET_SYMBOL_EXTENSIONS = YES;
				CLANG_ANALYZER_NONNULL = YES;
				CLANG_ANALYZER_NUMBER_OBJECT_CONVERSION = YES_AGGRESSIVE;
				CLANG_CXX_LANGUAGE_STANDARD = "gnu++20";
				CLANG_ENABLE_MODULES = YES;
				CLANG_ENABLE_OBJC_ARC = YES;
				CLANG_ENABLE_OBJC_WEAK = YES;
				CLANG_WARN_BLOCK_CAPTURE_AUTORELEASING = YES;
				CLANG_WARN_BOOL_CONVERSION = YES;
				CLANG_WARN_COMMA = YES;
				CLANG_WARN_CONSTANT_CONVERSION = YES;
				CLANG_WARN_DEPRECATED_OBJC_IMPLEMENTATIONS = YES;
				CLANG_WARN_DIRECT_OBJC_ISA_USAGE = YES_ERROR;
				CLANG_WARN_DOCUMENTATION_COMMENTS = YES;
				CLANG_WARN_EMPTY_BODY = YES;
				CLANG_WARN_ENUM_CONVERSION = YES;
				CLANG_WARN_INFINITE_RECURSION = YES;
				CLANG_WARN_INT_CONVERSION = YES;
				CLANG_WARN_NON_LITERAL_NULL_CONVERSION = YES;
				CLANG_WARN_OBJC_IMPLICIT_RETAIN_SELF = YES;
				CLANG_WARN_OBJC_LITERAL_CONVERSION = YES;
				CLANG_WARN_OBJC_ROOT_CLASS = YES_ERROR;
				CLANG_WARN_QUOTED_INCLUDE_IN_FRAMEWORK_HEADER = YES;
				CLANG_WARN_RANGE_LOOP_ANALYSIS = YES;
				CLANG_WARN_STRICT_PROTOTYPES = YES;
				CLANG_WARN_SUSPICIOUS_MOVE = YES;
				CLANG_WARN_UNGUARDED_AVAILABILITY = YES_AGGRESSIVE;
				CLANG_WARN_UNREACHABLE_CODE = YES;
				CLANG_WARN__DUPLICATE_METHOD_MATCH = YES;
				COPY_PHASE_STRIP = NO;
				DEBUG_INFORMATION_FORMAT = "dwarf-with-dsym";
				ENABLE_NS_ASSERTIONS = NO;
				ENABLE_STRICT_OBJC_MSGSEND = YES;
				ENABLE_USER_SCRIPT_SANDBOXING = YES;
				GCC_C_LANGUAGE_STANDARD = gnu17;
				GCC_NO_COMMON_BLOCKS = YES;
				GCC_WARN_64_TO_32_BIT_CONVERSION = YES;
				GCC_WARN_ABOUT_RETURN_TYPE = YES_ERROR;
				GCC_WARN_UNDECLARED_SELECTOR = YES;
				GCC_WARN_UNINITIALIZED_AUTOS = YES_AGGRESSIVE;
				GCC_WARN_UNUSED_FUNCTION = YES;
				GCC_WARN_UNUSED_VARIABLE = YES;
				MACOSX_DEPLOYMENT_TARGET = 13.0;
				MTL_ENABLE_DEBUG_INFO = NO;
				MTL_FAST_MATH = YES;
				SDKROOT = macosx;
				SWIFT_COMPILATION_MODE = wholemodule;
			};
			name = Release;
		};
		A1000A000000000000000003 /* Debug */ = {
			isa = XCBuildConfiguration;
			buildSettings = {
				ASSETCATALOG_COMPILER_APPICON_NAME = AppIcon;
				ASSETCATALOG_COMPILER_GLOBAL_ACCENT_COLOR_NAME = AccentColor;
				CODE_SIGN_ENTITLEMENTS = "";
				"CODE_SIGN_IDENTITY[sdk=macosx*]" = "-";
				CODE_SIGN_STYLE = Automatic;
				COMBINE_HIDPI_IMAGES = YES;
				CURRENT_PROJECT_VERSION = 1;
				DEVELOPMENT_ASSET_PATHS = "";
				ENABLE_APP_SANDBOX = NO;
				ENABLE_HARDENED_RUNTIME = NO;
				ENABLE_PREVIEWS = YES;
				GENERATE_INFOPLIST_FILE = YES;
				INFOPLIST_KEY_LSApplicationCategoryType = "public.app-category.utilities";
				INFOPLIST_KEY_NSHumanReadableCopyright = "";
				LD_RUNPATH_SEARCH_PATHS = (
					"$(inherited)",
					"@executable_path/../Frameworks",
				);
				MARKETING_VERSION = 1.0;
				PRODUCT_BUNDLE_IDENTIFIER = com.tc001.setup;
				PRODUCT_NAME = "$(TARGET_NAME)";
				SWIFT_EMIT_LOC_STRINGS = YES;
				SWIFT_VERSION = 5.0;
			};
			name = Debug;
		};
		A1000A000000000000000004 /* Release */ = {
			isa = XCBuildConfiguration;
			buildSettings = {
				ASSETCATALOG_COMPILER_APPICON_NAME = AppIcon;
				ASSETCATALOG_COMPILER_GLOBAL_ACCENT_COLOR_NAME = AccentColor;
				CODE_SIGN_ENTITLEMENTS = "";
				"CODE_SIGN_IDENTITY[sdk=macosx*]" = "-";
				CODE_SIGN_STYLE = Automatic;
				COMBINE_HIDPI_IMAGES = YES;
				CURRENT_PROJECT_VERSION = 1;
				DEVELOPMENT_ASSET_PATHS = "";
				ENABLE_APP_SANDBOX = NO;
				ENABLE_HARDENED_RUNTIME = NO;
				ENABLE_PREVIEWS = YES;
				GENERATE_INFOPLIST_FILE = YES;
				INFOPLIST_KEY_LSApplicationCategoryType = "public.app-category.utilities";
				INFOPLIST_KEY_NSHumanReadableCopyright = "";
				LD_RUNPATH_SEARCH_PATHS = (
					"$(inherited)",
					"@executable_path/../Frameworks",
				);
				MARKETING_VERSION = 1.0;
				PRODUCT_BUNDLE_IDENTIFIER = com.tc001.setup;
				PRODUCT_NAME = "$(TARGET_NAME)";
				SWIFT_EMIT_LOC_STRINGS = YES;
				SWIFT_VERSION = 5.0;
			};
			name = Release;
		};
/* End XCBuildConfiguration section */

/* Begin XCConfigurationList section */
		A10008000000000000000001 /* Build configuration list for PBXProject "TC001Setup" */ = {
			isa = XCConfigurationList;
			buildConfigurations = (
				A1000A000000000000000001 /* Debug */,
				A1000A000000000000000002 /* Release */,
			);
			defaultConfigurationIsVisible = 0;
			defaultConfigurationName = Release;
		};
		A10008000000000000000003 /* Build configuration list for PBXNativeTarget "TC001Setup" */ = {
			isa = XCConfigurationList;
			buildConfigurations = (
				A1000A000000000000000003 /* Debug */,
				A1000A000000000000000004 /* Release */,
			);
			defaultConfigurationIsVisible = 0;
			defaultConfigurationName = Release;
		};
/* End XCConfigurationList section */

	};
	rootObject = A10009000000000000000001 /* Project object */;
}
